
Microsoft Visual Studio Solution File, Format Version 12.00
Project("{FAE04EC0-301F-11D3-BF4B-00C04F79EFBC}") = "WebApiTo-DoList", "WebApiTo-DoList\WebApiTo-DoList.csproj", "{AF0140E0-303D-48F3-9BD5-8716209C013E}"
EndProject
Global
	GlobalSection(SolutionConfigurationPlatforms) = preSolution
		Debug|Any CPU = Debug|Any CPU
		Release|Any CPU = Release|Any CPU
	EndGlobalSection
	GlobalSection(ProjectConfigurationPlatforms) = postSolution
		{AF0140E0-303D-48F3-9BD5-8716209C013E}.Debug|Any CPU.ActiveCfg = Debug|Any CPU
		{AF0140E0-303D-48F3-9BD5-8716209C013E}.Debug|Any CPU.Build.0 = Debug|Any CPU
		{AF0140E0-303D-48F3-9BD5-8716209C013E}.Release|Any CPU.ActiveCfg = Release|Any CPU
		{AF0140E0-303D-48F3-9BD5-8716209C013E}.Release|Any CPU.Build.0 = Release|Any CPU
	EndGlobalSection
EndGlobal
